PODS:
  - Flutter (1.0.0)
  - flutter_webview_plugin (0.0.1):
    - Flutter
  - FlutterPluginRegistrant (0.0.1):
    - Flutter
    - flutter_webview_plugin

DEPENDENCIES:
  - Flutter (from `pandoraflutter/.ios/Flutter/engine`)
  - flutter_webview_plugin (from `pandoraflutter/.ios/Flutter/.symlinks/flutter_webview_plugin/ios`)
  - FlutterPluginRegistrant (from `pandoraflutter/.ios/Flutter/FlutterPluginRegistrant`)

EXTERNAL SOURCES:
  Flutter:
    :path: pandoraflutter/.ios/Flutter/engine
  flutter_webview_plugin:
    :path: pandoraflutter/.ios/Flutter/.symlinks/flutter_webview_plugin/ios
  FlutterPluginRegistrant:
    :path: pandoraflutter/.ios/Flutter/FlutterPluginRegistrant

SPEC CHECKSUMS:
  Flutter: 9d0fac939486c9aba2809b7982dfdbb47a7b0296
  flutter_webview_plugin: 116575b48572029304775b768e9f15ebfc316274
  FlutterPluginRegistrant: 898e92c189f41c59778de6e4d87be7ca8d1d1c6a

PODFILE CHECKSUM: 567af4892b1e0199a536bdfd5331fee9199729e6

COCOAPODS: 1.5.3
