// !$*UTF8*$!
{
	archiveVersion = 1;
	classes = {
	};
	objectVersion = 50;
	objects = {

/* Begin PBXBuildFile section */
		04436A8CF314910682539429 /* Pods_DemoAppUITests.framework in Frameworks */ = {isa = PBXBuildFile; fileRef = 768B1F0E04D99EF1ED587A42 /* Pods_DemoAppUITests.framework */; };
		05F57D3A72443AB6BD6084D3 /* Pods_DemoAppTests.framework in Frameworks */ = {isa = PBXBuildFile; fileRef = 8149A9F10AE919529CA78334 /* Pods_DemoAppTests.framework */; };
		4D953ECB303FB37EDE3E86A9 /* Pods_DemoApp.framework in Frameworks */ = {isa = PBXBuildFile; fileRef = E2623F463D815900B587E243 /* Pods_DemoApp.framework */; };
		7111E2542173C43C003E01E3 /* Flutter.xcconfig in Resources */ = {isa = PBXBuildFile; fileRef = 7111E2532173C2EB003E01E3 /* Flutter.xcconfig */; };
		7111E2552173C43F003E01E3 /* Debug.xcconfig in Resources */ = {isa = PBXBuildFile; fileRef = 7111E2512173C2A1003E01E3 /* Debug.xcconfig */; };
		7111E2562173C442003E01E3 /* Release.xcconfig in Resources */ = {isa = PBXBuildFile; fileRef = 7111E2522173C2D4003E01E3 /* Release.xcconfig */; };
		712E462A217802D600C3EFAF /* flutter_assets in Resources */ = {isa = PBXBuildFile; fileRef = 712E4629217802D600C3EFAF /* flutter_assets */; };
		71776A272173BA8000B6BB3C /* AppDelegate.swift in Sources */ = {isa = PBXBuildFile; fileRef = 71776A262173BA8000B6BB3C /* AppDelegate.swift */; };
		71776A292173BA8000B6BB3C /* ViewController.swift in Sources */ = {isa = PBXBuildFile; fileRef = 71776A282173BA8000B6BB3C /* ViewController.swift */; };
		71776A2C2173BA8000B6BB3C /* Main.storyboard in Resources */ = {isa = PBXBuildFile; fileRef = 71776A2A2173BA8000B6BB3C /* Main.storyboard */; };
		71776A2F2173BA8000B6BB3C /* DemoApp.xcdatamodeld in Sources */ = {isa = PBXBuildFile; fileRef = 71776A2D2173BA8000B6BB3C /* DemoApp.xcdatamodeld */; };
		71776A312173BA8200B6BB3C /* Assets.xcassets in Resources */ = {isa = PBXBuildFile; fileRef = 71776A302173BA8200B6BB3C /* Assets.xcassets */; };
		71776A342173BA8200B6BB3C /* LaunchScreen.storyboard in Resources */ = {isa = PBXBuildFile; fileRef = 71776A322173BA8200B6BB3C /* LaunchScreen.storyboard */; };
		71776A3F2173BA8200B6BB3C /* DemoAppTests.swift in Sources */ = {isa = PBXBuildFile; fileRef = 71776A3E2173BA8200B6BB3C /* DemoAppTests.swift */; };
		71776A4A2173BA8200B6BB3C /* DemoAppUITests.swift in Sources */ = {isa = PBXBuildFile; fileRef = 71776A492173BA8200B6BB3C /* DemoAppUITests.swift */; };
/* End PBXBuildFile section */

/* Begin PBXContainerItemProxy section */
		71776A3B2173BA8200B6BB3C /* PBXContainerItemProxy */ = {
			isa = PBXContainerItemProxy;
			containerPortal = 71776A1B2173BA8000B6BB3C /* Project object */;
			proxyType = 1;
			remoteGlobalIDString = 71776A222173BA8000B6BB3C;
			remoteInfo = DemoApp;
		};
		71776A462173BA8200B6BB3C /* PBXContainerItemProxy */ = {
			isa = PBXContainerItemProxy;
			containerPortal = 71776A1B2173BA8000B6BB3C /* Project object */;
			proxyType = 1;
			remoteGlobalIDString = 71776A222173BA8000B6BB3C;
			remoteInfo = DemoApp;
		};
/* End PBXContainerItemProxy section */

/* Begin PBXFileReference section */
		037BDEAFDFACE6BF6BDD2D1D /* Pods-DemoAppTests.debug.xcconfig */ = {isa = PBXFileReference; includeInIndex = 1; lastKnownFileType = text.xcconfig; name = "Pods-DemoAppTests.debug.xcconfig"; path = "Pods/Target Support Files/Pods-DemoAppTests/Pods-DemoAppTests.debug.xcconfig"; sourceTree = "<group>"; };
		7111E2512173C2A1003E01E3 /* Debug.xcconfig */ = {isa = PBXFileReference; lastKnownFileType = text.xcconfig; path = Debug.xcconfig; sourceTree = "<group>"; };
		7111E2522173C2D4003E01E3 /* Release.xcconfig */ = {isa = PBXFileReference; lastKnownFileType = text.xcconfig; path = Release.xcconfig; sourceTree = "<group>"; };
		7111E2532173C2EB003E01E3 /* Flutter.xcconfig */ = {isa = PBXFileReference; lastKnownFileType = text.xcconfig; path = Flutter.xcconfig; sourceTree = "<group>"; };
		712E4629217802D600C3EFAF /* flutter_assets */ = {isa = PBXFileReference; lastKnownFileType = folder; name = flutter_assets; path = pandoraflutter/.ios/Flutter/flutter_assets; sourceTree = SOURCE_ROOT; };
		71776A232173BA8000B6BB3C /* DemoApp.app */ = {isa = PBXFileReference; explicitFileType = wrapper.application; includeInIndex = 0; path = DemoApp.app; sourceTree = BUILT_PRODUCTS_DIR; };
		71776A262173BA8000B6BB3C /* AppDelegate.swift */ = {isa = PBXFileReference; lastKnownFileType = sourcecode.swift; path = AppDelegate.swift; sourceTree = "<group>"; };
		71776A282173BA8000B6BB3C /* ViewController.swift */ = {isa = PBXFileReference; lastKnownFileType = sourcecode.swift; path = ViewController.swift; sourceTree = "<group>"; };
		71776A2B2173BA8000B6BB3C /* Base */ = {isa = PBXFileReference; lastKnownFileType = file.storyboard; name = Base; path = Base.lproj/Main.storyboard; sourceTree = "<group>"; };
		71776A2E2173BA8000B6BB3C /* DemoApp.xcdatamodel */ = {isa = PBXFileReference; lastKnownFileType = wrapper.xcdatamodel; path = DemoApp.xcdatamodel; sourceTree = "<group>"; };
		71776A302173BA8200B6BB3C /* Assets.xcassets */ = {isa = PBXFileReference; lastKnownFileType = folder.assetcatalog; path = Assets.xcassets; sourceTree = "<group>"; };
		71776A332173BA8200B6BB3C /* Base */ = {isa = PBXFileReference; lastKnownFileType = file.storyboard; name = Base; path = Base.lproj/LaunchScreen.storyboard; sourceTree = "<group>"; };
		71776A352173BA8200B6BB3C /* Info.plist */ = {isa = PBXFileReference; lastKnownFileType = text.plist.xml; path = Info.plist; sourceTree = "<group>"; };
		71776A3A2173BA8200B6BB3C /* DemoAppTests.xctest */ = {isa = PBXFileReference; explicitFileType = wrapper.cfbundle; includeInIndex = 0; path = DemoAppTests.xctest; sourceTree = BUILT_PRODUCTS_DIR; };
		71776A3E2173BA8200B6BB3C /* DemoAppTests.swift */ = {isa = PBXFileReference; lastKnownFileType = sourcecode.swift; path = DemoAppTests.swift; sourceTree = "<group>"; };
		71776A402173BA8200B6BB3C /* Info.plist */ = {isa = PBXFileReference; lastKnownFileType = text.plist.xml; path = Info.plist; sourceTree = "<group>"; };
		71776A452173BA8200B6BB3C /* DemoAppUITests.xctest */ = {isa = PBXFileReference; explicitFileType = wrapper.cfbundle; includeInIndex = 0; path = DemoAppUITests.xctest; sourceTree = BUILT_PRODUCTS_DIR; };
		71776A492173BA8200B6BB3C /* DemoAppUITests.swift */ = {isa = PBXFileReference; lastKnownFileType = sourcecode.swift; path = DemoAppUITests.swift; sourceTree = "<group>"; };
		71776A4B2173BA8200B6BB3C /* Info.plist */ = {isa = PBXFileReference; lastKnownFileType = text.plist.xml; path = Info.plist; sourceTree = "<group>"; };
		768B1F0E04D99EF1ED587A42 /* Pods_DemoAppUITests.framework */ = {isa = PBXFileReference; explicitFileType = wrapper.framework; includeInIndex = 0; path = Pods_DemoAppUITests.framework; sourceTree = BUILT_PRODUCTS_DIR; };
		8149A9F10AE919529CA78334 /* Pods_DemoAppTests.framework */ = {isa = PBXFileReference; explicitFileType = wrapper.framework; includeInIndex = 0; path = Pods_DemoAppTests.framework; sourceTree = BUILT_PRODUCTS_DIR; };
		85C89B34B92C11B2F6B75E1A /* Pods-DemoAppUITests.debug.xcconfig */ = {isa = PBXFileReference; includeInIndex = 1; lastKnownFileType = text.xcconfig; name = "Pods-DemoAppUITests.debug.xcconfig"; path = "Pods/Target Support Files/Pods-DemoAppUITests/Pods-DemoAppUITests.debug.xcconfig"; sourceTree = "<group>"; };
		8B111ED073C2DDBC00884FA0 /* Pods-DemoApp.release.xcconfig */ = {isa = PBXFileReference; includeInIndex = 1; lastKnownFileType = text.xcconfig; name = "Pods-DemoApp.release.xcconfig"; path = "Pods/Target Support Files/Pods-DemoApp/Pods-DemoApp.release.xcconfig"; sourceTree = "<group>"; };
		B2A56756A357AC97329B2FE0 /* Pods-DemoAppUITests.release.xcconfig */ = {isa = PBXFileReference; includeInIndex = 1; lastKnownFileType = text.xcconfig; name = "Pods-DemoAppUITests.release.xcconfig"; path = "Pods/Target Support Files/Pods-DemoAppUITests/Pods-DemoAppUITests.release.xcconfig"; sourceTree = "<group>"; };
		DAFA0A31336A5866D8E83447 /* Pods-DemoAppTests.release.xcconfig */ = {isa = PBXFileReference; includeInIndex = 1; lastKnownFileType = text.xcconfig; name = "Pods-DemoAppTests.release.xcconfig"; path = "Pods/Target Support Files/Pods-DemoAppTests/Pods-DemoAppTests.release.xcconfig"; sourceTree = "<group>"; };
		E2623F463D815900B587E243 /* Pods_DemoApp.framework */ = {isa = PBXFileReference; explicitFileType = wrapper.framework; includeInIndex = 0; path = Pods_DemoApp.framework; sourceTree = BUILT_PRODUCTS_DIR; };
		F3E73535B53BB31D03AAF2D1 /* Pods-DemoApp.debug.xcconfig */ = {isa = PBXFileReference; includeInIndex = 1; lastKnownFileType = text.xcconfig; name = "Pods-DemoApp.debug.xcconfig"; path = "Pods/Target Support Files/Pods-DemoApp/Pods-DemoApp.debug.xcconfig"; sourceTree = "<group>"; };
/* End PBXFileReference section */

/* Begin PBXFrameworksBuildPhase section */
		71776A202173BA8000B6BB3C /* Frameworks */ = {
			isa = PBXFrameworksBuildPhase;
			buildActionMask = 2147483647;
			files = (
				4D953ECB303FB37EDE3E86A9 /* Pods_DemoApp.framework in Frameworks */,
			);
			runOnlyForDeploymentPostprocessing = 0;
		};
		71776A372173BA8200B6BB3C /* Frameworks */ = {
			isa = PBXFrameworksBuildPhase;
			buildActionMask = 2147483647;
			files = (
				05F57D3A72443AB6BD6084D3 /* Pods_DemoAppTests.framework in Frameworks */,
			);
			runOnlyForDeploymentPostprocessing = 0;
		};
		71776A422173BA8200B6BB3C /* Frameworks */ = {
			isa = PBXFrameworksBuildPhase;
			buildActionMask = 2147483647;
			files = (
				04436A8CF314910682539429 /* Pods_DemoAppUITests.framework in Frameworks */,
			);
			runOnlyForDeploymentPostprocessing = 0;
		};
/* End PBXFrameworksBuildPhase section */

/* Begin PBXGroup section */
		1B892FEB204DFB15482EAE1E /* Pods */ = {
			isa = PBXGroup;
			children = (
				F3E73535B53BB31D03AAF2D1 /* Pods-DemoApp.debug.xcconfig */,
				8B111ED073C2DDBC00884FA0 /* Pods-DemoApp.release.xcconfig */,
				037BDEAFDFACE6BF6BDD2D1D /* Pods-DemoAppTests.debug.xcconfig */,
				DAFA0A31336A5866D8E83447 /* Pods-DemoAppTests.release.xcconfig */,
				85C89B34B92C11B2F6B75E1A /* Pods-DemoAppUITests.debug.xcconfig */,
				B2A56756A357AC97329B2FE0 /* Pods-DemoAppUITests.release.xcconfig */,
			);
			name = Pods;
			sourceTree = "<group>";
		};
		35B3A03886085AD4BA8DA81D /* Frameworks */ = {
			isa = PBXGroup;
			children = (
				E2623F463D815900B587E243 /* Pods_DemoApp.framework */,
				8149A9F10AE919529CA78334 /* Pods_DemoAppTests.framework */,
				768B1F0E04D99EF1ED587A42 /* Pods_DemoAppUITests.framework */,
			);
			name = Frameworks;
			sourceTree = "<group>";
		};
		7111E24F2173C243003E01E3 /* Config */ = {
			isa = PBXGroup;
			children = (
				7111E2512173C2A1003E01E3 /* Debug.xcconfig */,
				7111E2522173C2D4003E01E3 /* Release.xcconfig */,
			);
			path = Config;
			sourceTree = "<group>";
		};
		7111E2502173C26C003E01E3 /* Flutter */ = {
			isa = PBXGroup;
			children = (
				712E4629217802D600C3EFAF /* flutter_assets */,
				7111E2532173C2EB003E01E3 /* Flutter.xcconfig */,
			);
			path = Flutter;
			sourceTree = "<group>";
		};
		71776A1A2173BA8000B6BB3C = {
			isa = PBXGroup;
			children = (
				7111E2502173C26C003E01E3 /* Flutter */,
				7111E24F2173C243003E01E3 /* Config */,
				71776A252173BA8000B6BB3C /* DemoApp */,
				71776A3D2173BA8200B6BB3C /* DemoAppTests */,
				71776A482173BA8200B6BB3C /* DemoAppUITests */,
				71776A242173BA8000B6BB3C /* Products */,
				1B892FEB204DFB15482EAE1E /* Pods */,
				35B3A03886085AD4BA8DA81D /* Frameworks */,
			);
			sourceTree = "<group>";
		};
		71776A242173BA8000B6BB3C /* Products */ = {
			isa = PBXGroup;
			children = (
				71776A232173BA8000B6BB3C /* DemoApp.app */,
				71776A3A2173BA8200B6BB3C /* DemoAppTests.xctest */,
				71776A452173BA8200B6BB3C /* DemoAppUITests.xctest */,
			);
			name = Products;
			sourceTree = "<group>";
		};
		71776A252173BA8000B6BB3C /* DemoApp */ = {
			isa = PBXGroup;
			children = (
				71776A262173BA8000B6BB3C /* AppDelegate.swift */,
				71776A282173BA8000B6BB3C /* ViewController.swift */,
				71776A2A2173BA8000B6BB3C /* Main.storyboard */,
				71776A302173BA8200B6BB3C /* Assets.xcassets */,
				71776A322173BA8200B6BB3C /* LaunchScreen.storyboard */,
				71776A352173BA8200B6BB3C /* Info.plist */,
				71776A2D2173BA8000B6BB3C /* DemoApp.xcdatamodeld */,
			);
			path = DemoApp;
			sourceTree = "<group>";
		};
		71776A3D2173BA8200B6BB3C /* DemoAppTests */ = {
			isa = PBXGroup;
			children = (
				71776A3E2173BA8200B6BB3C /* DemoAppTests.swift */,
				71776A402173BA8200B6BB3C /* Info.plist */,
			);
			path = DemoAppTests;
			sourceTree = "<group>";
		};
		71776A482173BA8200B6BB3C /* DemoAppUITests */ = {
			isa = PBXGroup;
			children = (
				71776A492173BA8200B6BB3C /* DemoAppUITests.swift */,
				71776A4B2173BA8200B6BB3C /* Info.plist */,
			);
			path = DemoAppUITests;
			sourceTree = "<group>";
		};
/* End PBXGroup section */

/* Begin PBXNativeTarget section */
		71776A222173BA8000B6BB3C /* DemoApp */ = {
			isa = PBXNativeTarget;
			buildConfigurationList = 71776A4E2173BA8200B6BB3C /* Build configuration list for PBXNativeTarget "DemoApp" */;
			buildPhases = (
				256DC1AF4699E2EB839B927C /* [CP] Check Pods Manifest.lock */,
				7111E2572173C493003E01E3 /* Run Script */,
				71776A1F2173BA8000B6BB3C /* Sources */,
				71776A202173BA8000B6BB3C /* Frameworks */,
				71776A212173BA8000B6BB3C /* Resources */,
				29B74CD1FDB95A00261DBAE0 /* [CP] Embed Pods Frameworks */,
			);
			buildRules = (
			);
			dependencies = (
			);
			name = DemoApp;
			productName = DemoApp;
			productReference = 71776A232173BA8000B6BB3C /* DemoApp.app */;
			productType = "com.apple.product-type.application";
		};
		71776A392173BA8200B6BB3C /* DemoAppTests */ = {
			isa = PBXNativeTarget;
			buildConfigurationList = 71776A512173BA8200B6BB3C /* Build configuration list for PBXNativeTarget "DemoAppTests" */;
			buildPhases = (
				12C8CEDDB36A3D6D1FDC6B64 /* [CP] Check Pods Manifest.lock */,
				71776A362173BA8200B6BB3C /* Sources */,
				71776A372173BA8200B6BB3C /* Frameworks */,
				71776A382173BA8200B6BB3C /* Resources */,
			);
			buildRules = (
			);
			dependencies = (
				71776A3C2173BA8200B6BB3C /* PBXTargetDependency */,
			);
			name = DemoAppTests;
			productName = DemoAppTests;
			productReference = 71776A3A2173BA8200B6BB3C /* DemoAppTests.xctest */;
			productType = "com.apple.product-type.bundle.unit-test";
		};
		71776A442173BA8200B6BB3C /* DemoAppUITests */ = {
			isa = PBXNativeTarget;
			buildConfigurationList = 71776A542173BA8200B6BB3C /* Build configuration list for PBXNativeTarget "DemoAppUITests" */;
			buildPhases = (
				26B84A58806310FC89FD71D1 /* [CP] Check Pods Manifest.lock */,
				71776A412173BA8200B6BB3C /* Sources */,
				71776A422173BA8200B6BB3C /* Frameworks */,
				71776A432173BA8200B6BB3C /* Resources */,
			);
			buildRules = (
			);
			dependencies = (
				71776A472173BA8200B6BB3C /* PBXTargetDependency */,
			);
			name = DemoAppUITests;
			productName = DemoAppUITests;
			productReference = 71776A452173BA8200B6BB3C /* DemoAppUITests.xctest */;
			productType = "com.apple.product-type.bundle.ui-testing";
		};
/* End PBXNativeTarget section */

/* Begin PBXProject section */
		71776A1B2173BA8000B6BB3C /* Project object */ = {
			isa = PBXProject;
			attributes = {
				LastSwiftUpdateCheck = 1000;
				LastUpgradeCheck = 1000;
				ORGANIZATIONNAME = shehabic;
				TargetAttributes = {
					71776A222173BA8000B6BB3C = {
						CreatedOnToolsVersion = 10.0;
					};
					71776A392173BA8200B6BB3C = {
						CreatedOnToolsVersion = 10.0;
						TestTargetID = 71776A222173BA8000B6BB3C;
					};
					71776A442173BA8200B6BB3C = {
						CreatedOnToolsVersion = 10.0;
						TestTargetID = 71776A222173BA8000B6BB3C;
					};
				};
			};
			buildConfigurationList = 71776A1E2173BA8000B6BB3C /* Build configuration list for PBXProject "DemoApp" */;
			compatibilityVersion = "Xcode 9.3";
			developmentRegion = en;
			hasScannedForEncodings = 0;
			knownRegions = (
				en,
				Base,
			);
			mainGroup = 71776A1A2173BA8000B6BB3C;
			productRefGroup = 71776A242173BA8000B6BB3C /* Products */;
			projectDirPath = "";
			projectRoot = "";
			targets = (
				71776A222173BA8000B6BB3C /* DemoApp */,
				71776A392173BA8200B6BB3C /* DemoAppTests */,
				71776A442173BA8200B6BB3C /* DemoAppUITests */,
			);
		};
/* End PBXProject section */

/* Begin PBXResourcesBuildPhase section */
		71776A212173BA8000B6BB3C /* Resources */ = {
			isa = PBXResourcesBuildPhase;
			buildActionMask = 2147483647;
			files = (
				71776A342173BA8200B6BB3C /* LaunchScreen.storyboard in Resources */,
				7111E2542173C43C003E01E3 /* Flutter.xcconfig in Resources */,
				712E462A217802D600C3EFAF /* flutter_assets in Resources */,
				7111E2562173C442003E01E3 /* Release.xcconfig in Resources */,
				71776A312173BA8200B6BB3C /* Assets.xcassets in Resources */,
				7111E2552173C43F003E01E3 /* Debug.xcconfig in Resources */,
				71776A2C2173BA8000B6BB3C /* Main.storyboard in Resources */,
			);
			runOnlyForDeploymentPostprocessing = 0;
		};
		71776A382173BA8200B6BB3C /* Resources */ = {
			isa = PBXResourcesBuildPhase;
			buildActionMask = 2147483647;
			files = (
			);
			runOnlyForDeploymentPostprocessing = 0;
		};
		71776A432173BA8200B6BB3C /* Resources */ = {
			isa = PBXResourcesBuildPhase;
			buildActionMask = 2147483647;
			files = (
			);
			runOnlyForDeploymentPostprocessing = 0;
		};
/* End PBXResourcesBuildPhase section */

/* Begin PBXShellScriptBuildPhase section */
		12C8CEDDB36A3D6D1FDC6B64 /* [CP] Check Pods Manifest.lock */ = {
			isa = PBXShellScriptBuildPhase;
			buildActionMask = 2147483647;
			files = (
			);
			inputPaths = (
				"${PODS_PODFILE_DIR_PATH}/Podfile.lock",
				"${PODS_ROOT}/Manifest.lock",
			);
			name = "[CP] Check Pods Manifest.lock";
			outputPaths = (
				"$(DERIVED_FILE_DIR)/Pods-DemoAppTests-checkManifestLockResult.txt",
			);
			runOnlyForDeploymentPostprocessing = 0;
			shellPath = /bin/sh;
			shellScript = "diff \"${PODS_PODFILE_DIR_PATH}/Podfile.lock\" \"${PODS_ROOT}/Manifest.lock\" > /dev/null\nif [ $? != 0 ] ; then\n    # print error to STDERR\n    echo \"error: The sandbox is not in sync with the Podfile.lock. Run 'pod install' or update your CocoaPods installation.\" >&2\n    exit 1\nfi\n# This output is used by Xcode 'outputs' to avoid re-running this script phase.\necho \"SUCCESS\" > \"${SCRIPT_OUTPUT_FILE_0}\"\n";
			showEnvVarsInLog = 0;
		};
		256DC1AF4699E2EB839B927C /* [CP] Check Pods Manifest.lock */ = {
			isa = PBXShellScriptBuildPhase;
			buildActionMask = 2147483647;
			files = (
			);
			inputPaths = (
				"${PODS_PODFILE_DIR_PATH}/Podfile.lock",
				"${PODS_ROOT}/Manifest.lock",
			);
			name = "[CP] Check Pods Manifest.lock";
			outputPaths = (
				"$(DERIVED_FILE_DIR)/Pods-DemoApp-checkManifestLockResult.txt",
			);
			runOnlyForDeploymentPostprocessing = 0;
			shellPath = /bin/sh;
			shellScript = "diff \"${PODS_PODFILE_DIR_PATH}/Podfile.lock\" \"${PODS_ROOT}/Manifest.lock\" > /dev/null\nif [ $? != 0 ] ; then\n    # print error to STDERR\n    echo \"error: The sandbox is not in sync with the Podfile.lock. Run 'pod install' or update your CocoaPods installation.\" >&2\n    exit 1\nfi\n# This output is used by Xcode 'outputs' to avoid re-running this script phase.\necho \"SUCCESS\" > \"${SCRIPT_OUTPUT_FILE_0}\"\n";
			showEnvVarsInLog = 0;
		};
		26B84A58806310FC89FD71D1 /* [CP] Check Pods Manifest.lock */ = {
			isa = PBXShellScriptBuildPhase;
			buildActionMask = 2147483647;
			files = (
			);
			inputPaths = (
				"${PODS_PODFILE_DIR_PATH}/Podfile.lock",
				"${PODS_ROOT}/Manifest.lock",
			);
			name = "[CP] Check Pods Manifest.lock";
			outputPaths = (
				"$(DERIVED_FILE_DIR)/Pods-DemoAppUITests-checkManifestLockResult.txt",
			);
			runOnlyForDeploymentPostprocessing = 0;
			shellPath = /bin/sh;
			shellScript = "diff \"${PODS_PODFILE_DIR_PATH}/Podfile.lock\" \"${PODS_ROOT}/Manifest.lock\" > /dev/null\nif [ $? != 0 ] ; then\n    # print error to STDERR\n    echo \"error: The sandbox is not in sync with the Podfile.lock. Run 'pod install' or update your CocoaPods installation.\" >&2\n    exit 1\nfi\n# This output is used by Xcode 'outputs' to avoid re-running this script phase.\necho \"SUCCESS\" > \"${SCRIPT_OUTPUT_FILE_0}\"\n";
			showEnvVarsInLog = 0;
		};
		29B74CD1FDB95A00261DBAE0 /* [CP] Embed Pods Frameworks */ = {
			isa = PBXShellScriptBuildPhase;
			buildActionMask = 2147483647;
			files = (
			);
			inputPaths = (
				"${SRCROOT}/Pods/Target Support Files/Pods-DemoApp/Pods-DemoApp-frameworks.sh",
				"${PODS_ROOT}/../dhmodule/.ios/Flutter/engine/Flutter.framework",
				"${BUILT_PRODUCTS_DIR}/FlutterPluginRegistrant/FlutterPluginRegistrant.framework",
				"${BUILT_PRODUCTS_DIR}/dhplugin/dhplugin.framework",
				"${BUILT_PRODUCTS_DIR}/flutter_webview_plugin/flutter_webview_plugin.framework",
			);
			name = "[CP] Embed Pods Frameworks";
			outputPaths = (
				"${TARGET_BUILD_DIR}/${FRAMEWORKS_FOLDER_PATH}/Flutter.framework",
				"${TARGET_BUILD_DIR}/${FRAMEWORKS_FOLDER_PATH}/FlutterPluginRegistrant.framework",
				"${TARGET_BUILD_DIR}/${FRAMEWORKS_FOLDER_PATH}/dhplugin.framework",
				"${TARGET_BUILD_DIR}/${FRAMEWORKS_FOLDER_PATH}/flutter_webview_plugin.framework",
			);
			runOnlyForDeploymentPostprocessing = 0;
			shellPath = /bin/sh;
			shellScript = "\"${SRCROOT}/Pods/Target Support Files/Pods-DemoApp/Pods-DemoApp-frameworks.sh\"\n";
			showEnvVarsInLog = 0;
		};
		7111E2572173C493003E01E3 /* Run Script */ = {
			isa = PBXShellScriptBuildPhase;
			buildActionMask = 2147483647;
			files = (
			);
			inputPaths = (
			);
			name = "Run Script";
			outputPaths = (
			);
			runOnlyForDeploymentPostprocessing = 0;
			shellPath = /bin/sh;
			shellScript = "\"$FLUTTER_ROOT/packages/flutter_tools/bin/xcode_backend.sh\" build\n";
		};
/* End PBXShellScriptBuildPhase section */

/* Begin PBXSourcesBuildPhase section */
		71776A1F2173BA8000B6BB3C /* Sources */ = {
			isa = PBXSourcesBuildPhase;
			buildActionMask = 2147483647;
			files = (
				71776A292173BA8000B6BB3C /* ViewController.swift in Sources */,
				71776A2F2173BA8000B6BB3C /* DemoApp.xcdatamodeld in Sources */,
				71776A272173BA8000B6BB3C /* AppDelegate.swift in Sources */,
			);
			runOnlyForDeploymentPostprocessing = 0;
		};
		71776A362173BA8200B6BB3C /* Sources */ = {
			isa = PBXSourcesBuildPhase;
			buildActionMask = 2147483647;
			files = (
				71776A3F2173BA8200B6BB3C /* DemoAppTests.swift in Sources */,
			);
			runOnlyForDeploymentPostprocessing = 0;
		};
		71776A412173BA8200B6BB3C /* Sources */ = {
			isa = PBXSourcesBuildPhase;
			buildActionMask = 2147483647;
			files = (
				71776A4A2173BA8200B6BB3C /* DemoAppUITests.swift in Sources */,
			);
			runOnlyForDeploymentPostprocessing = 0;
		};
/* End PBXSourcesBuildPhase section */

/* Begin PBXTargetDependency section */
		71776A3C2173BA8200B6BB3C /* PBXTargetDependency */ = {
			isa = PBXTargetDependency;
			target = 71776A222173BA8000B6BB3C /* DemoApp */;
			targetProxy = 71776A3B2173BA8200B6BB3C /* PBXContainerItemProxy */;
		};
		71776A472173BA8200B6BB3C /* PBXTargetDependency */ = {
			isa = PBXTargetDependency;
			target = 71776A222173BA8000B6BB3C /* DemoApp */;
			targetProxy = 71776A462173BA8200B6BB3C /* PBXContainerItemProxy */;
		};
/* End PBXTargetDependency section */

/* Begin PBXVariantGroup section */
		71776A2A2173BA8000B6BB3C /* Main.storyboard */ = {
			isa = PBXVariantGroup;
			children = (
				71776A2B2173BA8000B6BB3C /* Base */,
			);
			name = Main.storyboard;
			sourceTree = "<group>";
		};
		71776A322173BA8200B6BB3C /* LaunchScreen.storyboard */ = {
			isa = PBXVariantGroup;
			children = (
				71776A332173BA8200B6BB3C /* Base */,
			);
			name = LaunchScreen.storyboard;
			sourceTree = "<group>";
		};
/* End PBXVariantGroup section */

/* Begin XCBuildConfiguration section */
		71776A4C2173BA8200B6BB3C /* Debug */ = {
			isa = XCBuildConfiguration;
			baseConfigurationReference = 7111E2512173C2A1003E01E3 /* Debug.xcconfig */;
			buildSettings = {
				ALWAYS_SEARCH_USER_PATHS = NO;
				CLANG_ANALYZER_NONNULL = YES;
				CLANG_ANALYZER_NUMBER_OBJECT_CONVERSION = YES_AGGRESSIVE;
				CLANG_CXX_LANGUAGE_STANDARD = "gnu++14";
				CLANG_CXX_LIBRARY = "libc++";
				CLANG_ENABLE_MODULES = YES;
				CLANG_ENABLE_OBJC_ARC = YES;
				CLANG_ENABLE_OBJC_WEAK = YES;
				CLANG_WARN_BLOCK_CAPTURE_AUTORELEASING = YES;
				CLANG_WARN_BOOL_CONVERSION = YES;
				CLANG_WARN_COMMA = YES;
				CLANG_WARN_CONSTANT_CONVERSION = YES;
				CLANG_WARN_DEPRECATED_OBJC_IMPLEMENTATIONS = YES;
				CLANG_WARN_DIRECT_OBJC_ISA_USAGE = YES_ERROR;
				CLANG_WARN_DOCUMENTATION_COMMENTS = YES;
				CLANG_WARN_EMPTY_BODY = YES;
				CLANG_WARN_ENUM_CONVERSION = YES;
				CLANG_WARN_INFINITE_RECURSION = YES;
				CLANG_WARN_INT_CONVERSION = YES;
				CLANG_WARN_NON_LITERAL_NULL_CONVERSION = YES;
				CLANG_WARN_OBJC_IMPLICIT_RETAIN_SELF = YES;
				CLANG_WARN_OBJC_LITERAL_CONVERSION = YES;
				CLANG_WARN_OBJC_ROOT_CLASS = YES_ERROR;
				CLANG_WARN_RANGE_LOOP_ANALYSIS = YES;
				CLANG_WARN_STRICT_PROTOTYPES = YES;
				CLANG_WARN_SUSPICIOUS_MOVE = YES;
				CLANG_WARN_UNGUARDED_AVAILABILITY = YES_AGGRESSIVE;
				CLANG_WARN_UNREACHABLE_CODE = YES;
				CLANG_WARN__DUPLICATE_METHOD_MATCH = YES;
				CODE_SIGN_IDENTITY = "iPhone Developer";
				COPY_PHASE_STRIP = NO;
				DEBUG_INFORMATION_FORMAT = dwarf;
				ENABLE_STRICT_OBJC_MSGSEND = YES;
				ENABLE_TESTABILITY = YES;
				GCC_C_LANGUAGE_STANDARD = gnu11;
				GCC_DYNAMIC_NO_PIC = NO;
				GCC_NO_COMMON_BLOCKS = YES;
				GCC_OPTIMIZATION_LEVEL = 0;
				GCC_PREPROCESSOR_DEFINITIONS = (
					"DEBUG=1",
					"$(inherited)",
				);
				GCC_WARN_64_TO_32_BIT_CONVERSION = YES;
				GCC_WARN_ABOUT_RETURN_TYPE = YES_ERROR;
				GCC_WARN_UNDECLARED_SELECTOR = YES;
				GCC_WARN_UNINITIALIZED_AUTOS = YES_AGGRESSIVE;
				GCC_WARN_UNUSED_FUNCTION = YES;
				GCC_WARN_UNUSED_VARIABLE = YES;
				IPHONEOS_DEPLOYMENT_TARGET = 12.0;
				MTL_ENABLE_DEBUG_INFO = INCLUDE_SOURCE;
				MTL_FAST_MATH = YES;
				ONLY_ACTIVE_ARCH = YES;
				SDKROOT = iphoneos;
				SWIFT_ACTIVE_COMPILATION_CONDITIONS = DEBUG;
				SWIFT_OPTIMIZATION_LEVEL = "-Onone";
			};
			name = Debug;
		};
		71776A4D2173BA8200B6BB3C /* Release */ = {
			isa = XCBuildConfiguration;
			baseConfigurationReference = 7111E2522173C2D4003E01E3 /* Release.xcconfig */;
			buildSettings = {
				ALWAYS_SEARCH_USER_PATHS = NO;
				CLANG_ANALYZER_NONNULL = YES;
				CLANG_ANALYZER_NUMBER_OBJECT_CONVERSION = YES_AGGRESSIVE;
				CLANG_CXX_LANGUAGE_STANDARD = "gnu++14";
				CLANG_CXX_LIBRARY = "libc++";
				CLANG_ENABLE_MODULES = YES;
				CLANG_ENABLE_OBJC_ARC = YES;
				CLANG_ENABLE_OBJC_WEAK = YES;
				CLANG_WARN_BLOCK_CAPTURE_AUTORELEASING = YES;
				CLANG_WARN_BOOL_CONVERSION = YES;
				CLANG_WARN_COMMA = YES;
				CLANG_WARN_CONSTANT_CONVERSION = YES;
				CLANG_WARN_DEPRECATED_OBJC_IMPLEMENTATIONS = YES;
				CLANG_WARN_DIRECT_OBJC_ISA_USAGE = YES_ERROR;
				CLANG_WARN_DOCUMENTATION_COMMENTS = YES;
				CLANG_WARN_EMPTY_BODY = YES;
				CLANG_WARN_ENUM_CONVERSION = YES;
				CLANG_WARN_INFINITE_RECURSION = YES;
				CLANG_WARN_INT_CONVERSION = YES;
				CLANG_WARN_NON_LITERAL_NULL_CONVERSION = YES;
				CLANG_WARN_OBJC_IMPLICIT_RETAIN_SELF = YES;
				CLANG_WARN_OBJC_LITERAL_CONVERSION = YES;
				CLANG_WARN_OBJC_ROOT_CLASS = YES_ERROR;
				CLANG_WARN_RANGE_LOOP_ANALYSIS = YES;
				CLANG_WARN_STRICT_PROTOTYPES = YES;
				CLANG_WARN_SUSPICIOUS_MOVE = YES;
				CLANG_WARN_UNGUARDED_AVAILABILITY = YES_AGGRESSIVE;
				CLANG_WARN_UNREACHABLE_CODE = YES;
				CLANG_WARN__DUPLICATE_METHOD_MATCH = YES;
				CODE_SIGN_IDENTITY = "iPhone Developer";
				COPY_PHASE_STRIP = NO;
				DEBUG_INFORMATION_FORMAT = "dwarf-with-dsym";
				ENABLE_NS_ASSERTIONS = NO;
				ENABLE_STRICT_OBJC_MSGSEND = YES;
				GCC_C_LANGUAGE_STANDARD = gnu11;
				GCC_NO_COMMON_BLOCKS = YES;
				GCC_WARN_64_TO_32_BIT_CONVERSION = YES;
				GCC_WARN_ABOUT_RETURN_TYPE = YES_ERROR;
				GCC_WARN_UNDECLARED_SELECTOR = YES;
				GCC_WARN_UNINITIALIZED_AUTOS = YES_AGGRESSIVE;
				GCC_WARN_UNUSED_FUNCTION = YES;
				GCC_WARN_UNUSED_VARIABLE = YES;
				IPHONEOS_DEPLOYMENT_TARGET = 12.0;
				MTL_ENABLE_DEBUG_INFO = NO;
				MTL_FAST_MATH = YES;
				SDKROOT = iphoneos;
				SWIFT_COMPILATION_MODE = wholemodule;
				SWIFT_OPTIMIZATION_LEVEL = "-O";
				VALIDATE_PRODUCT = YES;
			};
			name = Release;
		};
		71776A4F2173BA8200B6BB3C /* Debug */ = {
			isa = XCBuildConfiguration;
			baseConfigurationReference = F3E73535B53BB31D03AAF2D1 /* Pods-DemoApp.debug.xcconfig */;
			buildSettings = {
				ASSETCATALOG_COMPILER_APPICON_NAME = AppIcon;
				CODE_SIGN_STYLE = Automatic;
				DEVELOPMENT_TEAM = UHXWC3EMXF;
				INFOPLIST_FILE = DemoApp/Info.plist;
				LD_RUNPATH_SEARCH_PATHS = (
					"$(inherited)",
					"@executable_path/Frameworks",
				);
				PRODUCT_BUNDLE_IDENTIFIER = com.shehabic.DemoApp;
				PRODUCT_NAME = "$(TARGET_NAME)";
				SWIFT_VERSION = 4.2;
				TARGETED_DEVICE_FAMILY = "1,2";
			};
			name = Debug;
		};
		71776A502173BA8200B6BB3C /* Release */ = {
			isa = XCBuildConfiguration;
			baseConfigurationReference = 8B111ED073C2DDBC00884FA0 /* Pods-DemoApp.release.xcconfig */;
			buildSettings = {
				ASSETCATALOG_COMPILER_APPICON_NAME = AppIcon;
				CODE_SIGN_STYLE = Automatic;
				DEVELOPMENT_TEAM = UHXWC3EMXF;
				INFOPLIST_FILE = DemoApp/Info.plist;
				LD_RUNPATH_SEARCH_PATHS = (
					"$(inherited)",
					"@executable_path/Frameworks",
				);
				PRODUCT_BUNDLE_IDENTIFIER = com.shehabic.DemoApp;
				PRODUCT_NAME = "$(TARGET_NAME)";
				SWIFT_VERSION = 4.2;
				TARGETED_DEVICE_FAMILY = "1,2";
			};
			name = Release;
		};
		71776A522173BA8200B6BB3C /* Debug */ = {
			isa = XCBuildConfiguration;
			baseConfigurationReference = 037BDEAFDFACE6BF6BDD2D1D /* Pods-DemoAppTests.debug.xcconfig */;
			buildSettings = {
				ALWAYS_EMBED_SWIFT_STANDARD_LIBRARIES = YES;
				BUNDLE_LOADER = "$(TEST_HOST)";
				CODE_SIGN_STYLE = Automatic;
				DEVELOPMENT_TEAM = G6TSRM9293;
				INFOPLIST_FILE = DemoAppTests/Info.plist;
				LD_RUNPATH_SEARCH_PATHS = (
					"$(inherited)",
					"@executable_path/Frameworks",
					"@loader_path/Frameworks",
				);
				PRODUCT_BUNDLE_IDENTIFIER = com.shehabic.DemoAppTests;
				PRODUCT_NAME = "$(TARGET_NAME)";
				SWIFT_VERSION = 4.2;
				TARGETED_DEVICE_FAMILY = "1,2";
				TEST_HOST = "$(BUILT_PRODUCTS_DIR)/DemoApp.app/DemoApp";
			};
			name = Debug;
		};
		71776A532173BA8200B6BB3C /* Release */ = {
			isa = XCBuildConfiguration;
			baseConfigurationReference = DAFA0A31336A5866D8E83447 /* Pods-DemoAppTests.release.xcconfig */;
			buildSettings = {
				ALWAYS_EMBED_SWIFT_STANDARD_LIBRARIES = YES;
				BUNDLE_LOADER = "$(TEST_HOST)";
				CODE_SIGN_STYLE = Automatic;
				DEVELOPMENT_TEAM = G6TSRM9293;
				INFOPLIST_FILE = DemoAppTests/Info.plist;
				LD_RUNPATH_SEARCH_PATHS = (
					"$(inherited)",
					"@executable_path/Frameworks",
					"@loader_path/Frameworks",
				);
				PRODUCT_BUNDLE_IDENTIFIER = com.shehabic.DemoAppTests;
				PRODUCT_NAME = "$(TARGET_NAME)";
				SWIFT_VERSION = 4.2;
				TARGETED_DEVICE_FAMILY = "1,2";
				TEST_HOST = "$(BUILT_PRODUCTS_DIR)/DemoApp.app/DemoApp";
			};
			name = Release;
		};
		71776A552173BA8200B6BB3C /* Debug */ = {
			isa = XCBuildConfiguration;
			baseConfigurationReference = 85C89B34B92C11B2F6B75E1A /* Pods-DemoAppUITests.debug.xcconfig */;
			buildSettings = {
				ALWAYS_EMBED_SWIFT_STANDARD_LIBRARIES = YES;
				CODE_SIGN_STYLE = Automatic;
				DEVELOPMENT_TEAM = G6TSRM9293;
				INFOPLIST_FILE = DemoAppUITests/Info.plist;
				LD_RUNPATH_SEARCH_PATHS = (
					"$(inherited)",
					"@executable_path/Frameworks",
					"@loader_path/Frameworks",
				);
				PRODUCT_BUNDLE_IDENTIFIER = com.shehabic.DemoAppUITests;
				PRODUCT_NAME = "$(TARGET_NAME)";
				SWIFT_VERSION = 4.2;
				TARGETED_DEVICE_FAMILY = "1,2";
				TEST_TARGET_NAME = DemoApp;
			};
			name = Debug;
		};
		71776A562173BA8200B6BB3C /* Release */ = {
			isa = XCBuildConfiguration;
			baseConfigurationReference = B2A56756A357AC97329B2FE0 /* Pods-DemoAppUITests.release.xcconfig */;
			buildSettings = {
				ALWAYS_EMBED_SWIFT_STANDARD_LIBRARIES = YES;
				CODE_SIGN_STYLE = Automatic;
				DEVELOPMENT_TEAM = G6TSRM9293;
				INFOPLIST_FILE = DemoAppUITests/Info.plist;
				LD_RUNPATH_SEARCH_PATHS = (
					"$(inherited)",
					"@executable_path/Frameworks",
					"@loader_path/Frameworks",
				);
				PRODUCT_BUNDLE_IDENTIFIER = com.shehabic.DemoAppUITests;
				PRODUCT_NAME = "$(TARGET_NAME)";
				SWIFT_VERSION = 4.2;
				TARGETED_DEVICE_FAMILY = "1,2";
				TEST_TARGET_NAME = DemoApp;
			};
			name = Release;
		};
/* End XCBuildConfiguration section */

/* Begin XCConfigurationList section */
		71776A1E2173BA8000B6BB3C /* Build configuration list for PBXProject "DemoApp" */ = {
			isa = XCConfigurationList;
			buildConfigurations = (
				71776A4C2173BA8200B6BB3C /* Debug */,
				71776A4D2173BA8200B6BB3C /* Release */,
			);
			defaultConfigurationIsVisible = 0;
			defaultConfigurationName = Release;
		};
		71776A4E2173BA8200B6BB3C /* Build configuration list for PBXNativeTarget "DemoApp" */ = {
			isa = XCConfigurationList;
			buildConfigurations = (
				71776A4F2173BA8200B6BB3C /* Debug */,
				71776A502173BA8200B6BB3C /* Release */,
			);
			defaultConfigurationIsVisible = 0;
			defaultConfigurationName = Release;
		};
		71776A512173BA8200B6BB3C /* Build configuration list for PBXNativeTarget "DemoAppTests" */ = {
			isa = XCConfigurationList;
			buildConfigurations = (
				71776A522173BA8200B6BB3C /* Debug */,
				71776A532173BA8200B6BB3C /* Release */,
			);
			defaultConfigurationIsVisible = 0;
			defaultConfigurationName = Release;
		};
		71776A542173BA8200B6BB3C /* Build configuration list for PBXNativeTarget "DemoAppUITests" */ = {
			isa = XCConfigurationList;
			buildConfigurations = (
				71776A552173BA8200B6BB3C /* Debug */,
				71776A562173BA8200B6BB3C /* Release */,
			);
			defaultConfigurationIsVisible = 0;
			defaultConfigurationName = Release;
		};
/* End XCConfigurationList section */

/* Begin XCVersionGroup section */
		71776A2D2173BA8000B6BB3C /* DemoApp.xcdatamodeld */ = {
			isa = XCVersionGroup;
			children = (
				71776A2E2173BA8000B6BB3C /* DemoApp.xcdatamodel */,
			);
			currentVersion = 71776A2E2173BA8000B6BB3C /* DemoApp.xcdatamodel */;
			path = DemoApp.xcdatamodeld;
			sourceTree = "<group>";
			versionGroupType = wrapper.xcdatamodel;
		};
/* End XCVersionGroup section */
	};
	rootObject = 71776A1B2173BA8000B6BB3C /* Project object */;
}
